Microsoft Visual Studio Solution File, Format Version 11.00
# Visual Studio 2008

Project("{CF795296-DDC0-260F-BAE0-E58F5C21E11F}") = "Piske", "Assembly-CSharp.csproj", "{5BCCF813-9E78-0433-BDB8-B715E3009323}"
EndProject
Global
	GlobalSection(SolutionConfigurationPlatforms) = preSolution
		Debug|Any CPU = Debug|Any CPU
		Release|Any CPU = Release|Any CPU
	EndGlobalSection
	GlobalSection(ProjectConfigurationPlatforms) = postSolution
		{5BCCF813-9E78-0433-BDB8-B715E3009323}.Debug|Any CPU.ActiveCfg = Debug|Any CPU
		{5BCCF813-9E78-0433-BDB8-B715E3009323}.Debug|Any CPU.Build.0 = Debug|Any CPU
		{5BCCF813-9E78-0433-BDB8-B715E3009323}.Release|Any CPU.ActiveCfg = Release|Any CPU
		{5BCCF813-9E78-0433-BDB8-B715E3009323}.Release|Any CPU.Build.0 = Release|Any CPU
	EndGlobalSection
	GlobalSection(SolutionProperties) = preSolution
		HideSolutionNode = FALSE
	EndGlobalSection
	GlobalSection(MonoDevelopProperties) = preSolution
		StartupItem = Assembly-CSharp.csproj
	EndGlobalSection
EndGlobal
